{
  "requires": true,
  "lockfileVersion": 1,
  "dependencies": {
    "actioncable": {
      "version": "5.2.4-1",
      "resolved": "https://registry.npmjs.org/actioncable/-/actioncable-5.2.4-1.tgz",
      "integrity": "sha512-wOc5U5Y2w9taG/kkPcBixUlsrDrq2uxnxKDFNH8JQe+QCVj/p921hBslE0NS4ybJpUNZfO1NKDPlqp2oqkR03Q=="
    }
  }
}
